{
  "name": "LogForWhat",
  "lockfileVersion": 2,
  "requires": true,
  "packages": {
    "": {
      "dependencies": {
        "base64-to-uint8array": "^1.0.0"
      }
    },
    "node_modules/base64-to-uint8array": {
      "version": "1.0.0",
      "resolved": "https://registry.npmjs.org/base64-to-uint8array/-/base64-to-uint8array-1.0.0.tgz",
      "integrity": "sha512-drjWQcees55+XQSVHYxiUF05Fj6ko3XJUoxykZEXbm0BMmNz2ieWiZGJ+6TFWnjN2saucG6pI13LS92O4kaiAg=="
    }
  },
  "dependencies": {
    "base64-to-uint8array": {
      "version": "1.0.0",
      "resolved": "https://registry.npmjs.org/base64-to-uint8array/-/base64-to-uint8array-1.0.0.tgz",
      "integrity": "sha512-drjWQcees55+XQSVHYxiUF05Fj6ko3XJUoxykZEXbm0BMmNz2ieWiZGJ+6TFWnjN2saucG6pI13LS92O4kaiAg=="
    }
  }
}
